// !$*UTF8*$!
{
	archiveVersion = 1;
	classes = {
	};
	objectVersion = 50;
	objects = {

/* Begin PBXBuildFile section */
		6A566DEC260C938D0016608A /* AppDelegate.swift in Sources */ = {isa = PBXBuildFile; fileRef = 6A566DEB260C938D0016608A /* AppDelegate.swift */; };
		6A566DEE260C938D0016608A /* SceneDelegate.swift in Sources */ = {isa = PBXBuildFile; fileRef = 6A566DED260C938D0016608A /* SceneDelegate.swift */; };
		6A566DF0260C938D0016608A /* ViewController.swift in Sources */ = {isa = PBXBuildFile; fileRef = 6A566DEF260C938D0016608A /* ViewController.swift */; };
		6A566DF3260C938D0016608A /* Main.storyboard in Resources */ = {isa = PBXBuildFile; fileRef = 6A566DF1260C938D0016608A /* Main.storyboard */; };
		6A566DF5260C938F0016608A /* Assets.xcassets in Resources */ = {isa = PBXBuildFile; fileRef = 6A566DF4260C938F0016608A /* Assets.xcassets */; };
		6A566DF8260C938F0016608A /* LaunchScreen.storyboard in Resources */ = {isa = PBXBuildFile; fileRef = 6A566DF6260C938F0016608A /* LaunchScreen.storyboard */; };
		6A566E00260CB4820016608A /* IntStack.swift in Sources */ = {isa = PBXBuildFile; fileRef = 6A566DFF260CB4820016608A /* IntStack.swift */; };
/* End PBXBuildFile section */

/* Begin PBXFileReference section */
		6A566DE8260C938D0016608A /* RPNCalc.app */ = {isa = PBXFileReference; explicitFileType = wrapper.application; includeInIndex = 0; path = RPNCalc.app; sourceTree = BUILT_PRODUCTS_DIR; };
		6A566DEB260C938D0016608A /* AppDelegate.swift */ = {isa = PBXFileReference; lastKnownFileType = sourcecode.swift; path = AppDelegate.swift; sourceTree = "<group>"; };
		6A566DED260C938D0016608A /* SceneDelegate.swift */ = {isa = PBXFileReference; lastKnownFileType = sourcecode.swift; path = SceneDelegate.swift; sourceTree = "<group>"; };
		6A566DEF260C938D0016608A /* ViewController.swift */ = {isa = PBXFileReference; lastKnownFileType = sourcecode.swift; path = ViewController.swift; sourceTree = "<group>"; };
		6A566DF2260C938D0016608A /* Base */ = {isa = PBXFileReference; lastKnownFileType = file.storyboard; name = Base; path = Base.lproj/Main.storyboard; sourceTree = "<group>"; };
		6A566DF4260C938F0016608A /* Assets.xcassets */ = {isa = PBXFileReference; lastKnownFileType = folder.assetcatalog; path = Assets.xcassets; sourceTree = "<group>"; };
		6A566DF7260C938F0016608A /* Base */ = {isa = PBXFileReference; lastKnownFileType = file.storyboard; name = Base; path = Base.lproj/LaunchScreen.storyboard; sourceTree = "<group>"; };
		6A566DF9260C938F0016608A /* Info.plist */ = {isa = PBXFileReference; lastKnownFileType = text.plist.xml; path = Info.plist; sourceTree = "<group>"; };
		6A566DFF260CB4820016608A /* IntStack.swift */ = {isa = PBXFileReference; lastKnownFileType = sourcecode.swift; path = IntStack.swift; sourceTree = "<group>"; };
/* End PBXFileReference section */

/* Begin PBXFrameworksBuildPhase section */
		6A566DE5260C938D0016608A /* Frameworks */ = {
			isa = PBXFrameworksBuildPhase;
			buildActionMask = 2147483647;
			files = (
			);
			runOnlyForDeploymentPostprocessing = 0;
		};
/* End PBXFrameworksBuildPhase section */

/* Begin PBXGroup section */
		6A566DDF260C938D0016608A = {
			isa = PBXGroup;
			children = (
				6A566DEA260C938D0016608A /* RPNCalc */,
				6A566DE9260C938D0016608A /* Products */,
			);
			sourceTree = "<group>";
		};
		6A566DE9260C938D0016608A /* Products */ = {
			isa = PBXGroup;
			children = (
				6A566DE8260C938D0016608A /* RPNCalc.app */,
			);
			name = Products;
			sourceTree = "<group>";
		};
		6A566DEA260C938D0016608A /* RPNCalc */ = {
			isa = PBXGroup;
			children = (
				6A566DEB260C938D0016608A /* AppDelegate.swift */,
				6A566DED260C938D0016608A /* SceneDelegate.swift */,
				6A566DEF260C938D0016608A /* ViewController.swift */,
				6A566DF1260C938D0016608A /* Main.storyboard */,
				6A566DF4260C938F0016608A /* Assets.xcassets */,
				6A566DF6260C938F0016608A /* LaunchScreen.storyboard */,
				6A566DF9260C938F0016608A /* Info.plist */,
				6A566DFF260CB4820016608A /* IntStack.swift */,
			);
			path = RPNCalc;
			sourceTree = "<group>";
		};
/* End PBXGroup section */

/* Begin PBXNativeTarget section */
		6A566DE7260C938D0016608A /* RPNCalc */ = {
			isa = PBXNativeTarget;
			buildConfigurationList = 6A566DFC260C938F0016608A /* Build configuration list for PBXNativeTarget "RPNCalc" */;
			buildPhases = (
				6A566DE4260C938D0016608A /* Sources */,
				6A566DE5260C938D0016608A /* Frameworks */,
				6A566DE6260C938D0016608A /* Resources */,
			);
			buildRules = (
			);
			dependencies = (
			);
			name = RPNCalc;
			productName = RPNCalc;
			productReference = 6A566DE8260C938D0016608A /* RPNCalc.app */;
			productType = "com.apple.product-type.application";
		};
/* End PBXNativeTarget section */

/* Begin PBXProject section */
		6A566DE0260C938D0016608A /* Project object */ = {
			isa = PBXProject;
			attributes = {
				LastSwiftUpdateCheck = 1140;
				LastUpgradeCheck = 1140;
				TargetAttributes = {
					6A566DE7260C938D0016608A = {
						CreatedOnToolsVersion = 11.4.1;
					};
				};
			};
			buildConfigurationList = 6A566DE3260C938D0016608A /* Build configuration list for PBXProject "RPNCalc" */;
			compatibilityVersion = "Xcode 9.3";
			developmentRegion = en;
			hasScannedForEncodings = 0;
			knownRegions = (
				en,
				Base,
			);
			mainGroup = 6A566DDF260C938D0016608A;
			productRefGroup = 6A566DE9260C938D0016608A /* Products */;
			projectDirPath = "";
			projectRoot = "";
			targets = (
				6A566DE7260C938D0016608A /* RPNCalc */,
			);
		};
/* End PBXProject section */

/* Begin PBXResourcesBuildPhase section */
		6A566DE6260C938D0016608A /* Resources */ = {
			isa = PBXResourcesBuildPhase;
			buildActionMask = 2147483647;
			files = (
				6A566DF8260C938F0016608A /* LaunchScreen.storyboard in Resources */,
				6A566DF5260C938F0016608A /* Assets.xcassets in Resources */,
				6A566DF3260C938D0016608A /* Main.storyboard in Resources */,
			);
			runOnlyForDeploymentPostprocessing = 0;
		};
/* End PBXResourcesBuildPhase section */

/* Begin PBXSourcesBuildPhase section */
		6A566DE4260C938D0016608A /* Sources */ = {
			isa = PBXSourcesBuildPhase;
			buildActionMask = 2147483647;
			files = (
				6A566DF0260C938D0016608A /* ViewController.swift in Sources */,
				6A566DEC260C938D0016608A /* AppDelegate.swift in Sources */,
				6A566E00260CB4820016608A /* IntStack.swift in Sources */,
				6A566DEE260C938D0016608A /* SceneDelegate.swift in Sources */,
			);
			runOnlyForDeploymentPostprocessing = 0;
		};
/* End PBXSourcesBuildPhase section */

/* Begin PBXVariantGroup section */
		6A566DF1260C938D0016608A /* Main.storyboard */ = {
			isa = PBXVariantGroup;
			children = (
				6A566DF2260C938D0016608A /* Base */,
			);
			name = Main.storyboard;
			sourceTree = "<group>";
		};
		6A566DF6260C938F0016608A /* LaunchScreen.storyboard */ = {
			isa = PBXVariantGroup;
			children = (
				6A566DF7260C938F0016608A /* Base */,
			);
			name = LaunchScreen.storyboard;
			sourceTree = "<group>";
		};
/* End PBXVariantGroup section */

/* Begin XCBuildConfiguration section */
		6A566DFA260C938F0016608A /* Debug */ = {
			isa = XCBuildConfiguration;
			buildSettings = {
				ALWAYS_SEARCH_USER_PATHS = NO;
				CLANG_ANALYZER_NONNULL = YES;
				CLANG_ANALYZER_NUMBER_OBJECT_CONVERSION = YES_AGGRESSIVE;
				CLANG_CXX_LANGUAGE_STANDARD = "gnu++14";
				CLANG_CXX_LIBRARY = "libc++";
				CLANG_ENABLE_MODULES = YES;
				CLANG_ENABLE_OBJC_ARC = YES;
				CLANG_ENABLE_OBJC_WEAK = YES;
				CLANG_WARN_BLOCK_CAPTURE_AUTORELEASING = YES;
				CLANG_WARN_BOOL_CONVERSION = YES;
				CLANG_WARN_COMMA = YES;
				CLANG_WARN_CONSTANT_CONVERSION = YES;
				CLANG_WARN_DEPRECATED_OBJC_IMPLEMENTATIONS = YES;
				CLANG_WARN_DIRECT_OBJC_ISA_USAGE = YES_ERROR;
				CLANG_WARN_DOCUMENTATION_COMMENTS = YES;
				CLANG_WARN_EMPTY_BODY = YES;
				CLANG_WARN_ENUM_CONVERSION = YES;
				CLANG_WARN_INFINITE_RECURSION = YES;
				CLANG_WARN_INT_CONVERSION = YES;
				CLANG_WARN_NON_LITERAL_NULL_CONVERSION = YES;
				CLANG_WARN_OBJC_IMPLICIT_RETAIN_SELF = YES;
				CLANG_WARN_OBJC_LITERAL_CONVERSION = YES;
				CLANG_WARN_OBJC_ROOT_CLASS = YES_ERROR;
				CLANG_WARN_RANGE_LOOP_ANALYSIS = YES;
				CLANG_WARN_STRICT_PROTOTYPES = YES;
				CLANG_WARN_SUSPICIOUS_MOVE = YES;
				CLANG_WARN_UNGUARDED_AVAILABILITY = YES_AGGRESSIVE;
				CLANG_WARN_UNREACHABLE_CODE = YES;
				CLANG_WARN__DUPLICATE_METHOD_MATCH = YES;
				COPY_PHASE_STRIP = NO;
				DEBUG_INFORMATION_FORMAT = dwarf;
				ENABLE_STRICT_OBJC_MSGSEND = YES;
				ENABLE_TESTABILITY = YES;
				GCC_C_LANGUAGE_STANDARD = gnu11;
				GCC_DYNAMIC_NO_PIC = NO;
				GCC_NO_COMMON_BLOCKS = YES;
				GCC_OPTIMIZATION_LEVEL = 0;
				GCC_PREPROCESSOR_DEFINITIONS = (
					"DEBUG=1",
					"$(inherited)",
				);
				GCC_WARN_64_TO_32_BIT_CONVERSION = YES;
				GCC_WARN_ABOUT_RETURN_TYPE = YES_ERROR;
				GCC_WARN_UNDECLARED_SELECTOR = YES;
				GCC_WARN_UNINITIALIZED_AUTOS = YES_AGGRESSIVE;
				GCC_WARN_UNUSED_FUNCTION = YES;
				GCC_WARN_UNUSED_VARIABLE = YES;
				IPHONEOS_DEPLOYMENT_TARGET = 13.4;
				MTL_ENABLE_DEBUG_INFO = INCLUDE_SOURCE;
				MTL_FAST_MATH = YES;
				ONLY_ACTIVE_ARCH = YES;
				SDKROOT = iphoneos;
				SWIFT_ACTIVE_COMPILATION_CONDITIONS = DEBUG;
				SWIFT_OPTIMIZATION_LEVEL = "-Onone";
			};
			name = Debug;
		};
		6A566DFB260C938F0016608A /* Release */ = {
			isa = XCBuildConfiguration;
			buildSettings = {
				ALWAYS_SEARCH_USER_PATHS = NO;
				CLANG_ANALYZER_NONNULL = YES;
				CLANG_ANALYZER_NUMBER_OBJECT_CONVERSION = YES_AGGRESSIVE;
				CLANG_CXX_LANGUAGE_STANDARD = "gnu++14";
				CLANG_CXX_LIBRARY = "libc++";
				CLANG_ENABLE_MODULES = YES;
				CLANG_ENABLE_OBJC_ARC = YES;
				CLANG_ENABLE_OBJC_WEAK = YES;
				CLANG_WARN_BLOCK_CAPTURE_AUTORELEASING = YES;
				CLANG_WARN_BOOL_CONVERSION = YES;
				CLANG_WARN_COMMA = YES;
				CLANG_WARN_CONSTANT_CONVERSION = YES;
				CLANG_WARN_DEPRECATED_OBJC_IMPLEMENTATIONS = YES;
				CLANG_WARN_DIRECT_OBJC_ISA_USAGE = YES_ERROR;
				CLANG_WARN_DOCUMENTATION_COMMENTS = YES;
				CLANG_WARN_EMPTY_BODY = YES;
				CLANG_WARN_ENUM_CONVERSION = YES;
				CLANG_WARN_INFINITE_RECURSION = YES;
				CLANG_WARN_INT_CONVERSION = YES;
				CLANG_WARN_NON_LITERAL_NULL_CONVERSION = YES;
				CLANG_WARN_OBJC_IMPLICIT_RETAIN_SELF = YES;
				CLANG_WARN_OBJC_LITERAL_CONVERSION = YES;
				CLANG_WARN_OBJC_ROOT_CLASS = YES_ERROR;
				CLANG_WARN_RANGE_LOOP_ANALYSIS = YES;
				CLANG_WARN_STRICT_PROTOTYPES = YES;
				CLANG_WARN_SUSPICIOUS_MOVE = YES;
				CLANG_WARN_UNGUARDED_AVAILABILITY = YES_AGGRESSIVE;
				CLANG_WARN_UNREACHABLE_CODE = YES;
				CLANG_WARN__DUPLICATE_METHOD_MATCH = YES;
				COPY_PHASE_STRIP = NO;
				DEBUG_INFORMATION_FORMAT = "dwarf-with-dsym";
				ENABLE_NS_ASSERTIONS = NO;
				ENABLE_STRICT_OBJC_MSGSEND = YES;
				GCC_C_LANGUAGE_STANDARD = gnu11;
				GCC_NO_COMMON_BLOCKS = YES;
				GCC_WARN_64_TO_32_BIT_CONVERSION = YES;
				GCC_WARN_ABOUT_RETURN_TYPE = YES_ERROR;
				GCC_WARN_UNDECLARED_SELECTOR = YES;
				GCC_WARN_UNINITIALIZED_AUTOS = YES_AGGRESSIVE;
				GCC_WARN_UNUSED_FUNCTION = YES;
				GCC_WARN_UNUSED_VARIABLE = YES;
				IPHONEOS_DEPLOYMENT_TARGET = 13.4;
				MTL_ENABLE_DEBUG_INFO = NO;
				MTL_FAST_MATH = YES;
				SDKROOT = iphoneos;
				SWIFT_COMPILATION_MODE = wholemodule;
				SWIFT_OPTIMIZATION_LEVEL = "-O";
				VALIDATE_PRODUCT = YES;
			};
			name = Release;
		};
		6A566DFD260C938F0016608A /* Debug */ = {
			isa = XCBuildConfiguration;
			buildSettings = {
				ASSETCATALOG_COMPILER_APPICON_NAME = AppIcon;
				CODE_SIGN_STYLE = Automatic;
				INFOPLIST_FILE = RPNCalc/Info.plist;
				LD_RUNPATH_SEARCH_PATHS = (
					"$(inherited)",
					"@executable_path/Frameworks",
				);
				PRODUCT_BUNDLE_IDENTIFIER = cyroxin.RPNCalc;
				PRODUCT_NAME = "$(TARGET_NAME)";
				SWIFT_VERSION = 5.0;
				TARGETED_DEVICE_FAMILY = "1,2";
			};
			name = Debug;
		};
		6A566DFE260C938F0016608A /* Release */ = {
			isa = XCBuildConfiguration;
			buildSettings = {
				ASSETCATALOG_COMPILER_APPICON_NAME = AppIcon;
				CODE_SIGN_STYLE = Automatic;
				INFOPLIST_FILE = RPNCalc/Info.plist;
				LD_RUNPATH_SEARCH_PATHS = (
					"$(inherited)",
					"@executable_path/Frameworks",
				);
				PRODUCT_BUNDLE_IDENTIFIER = cyroxin.RPNCalc;
				PRODUCT_NAME = "$(TARGET_NAME)";
				SWIFT_VERSION = 5.0;
				TARGETED_DEVICE_FAMILY = "1,2";
			};
			name = Release;
		};
/* End XCBuildConfiguration section */

/* Begin XCConfigurationList section */
		6A566DE3260C938D0016608A /* Build configuration list for PBXProject "RPNCalc" */ = {
			isa = XCConfigurationList;
			buildConfigurations = (
				6A566DFA260C938F0016608A /* Debug */,
				6A566DFB260C938F0016608A /* Release */,
			);
			defaultConfigurationIsVisible = 0;
			defaultConfigurationName = Release;
		};
		6A566DFC260C938F0016608A /* Build configuration list for PBXNativeTarget "RPNCalc" */ = {
			isa = XCConfigurationList;
			buildConfigurations = (
				6A566DFD260C938F0016608A /* Debug */,
				6A566DFE260C938F0016608A /* Release */,
			);
			defaultConfigurationIsVisible = 0;
			defaultConfigurationName = Release;
		};
/* End XCConfigurationList section */
	};
	rootObject = 6A566DE0260C938D0016608A /* Project object */;
}
